
Microsoft Visual Studio Solution File, Format Version 12.00
# Visual Studio Version 17
VisualStudioVersion = 17.7.34024.191
MinimumVisualStudioVersion = 10.0.40219.1
Project("{FAE04EC0-301F-11D3-BF4B-00C04F79EFBC}") = "Lab32", "Lab32\Lab32.csproj", "{D97DCB90-1A1D-45F4-8F53-74385AFF2A1E}"
EndProject
Project("{FAE04EC0-301F-11D3-BF4B-00C04F79EFBC}") = "Lab322", "Lab322\Lab322.csproj", "{937E47F7-A7FC-46E1-B46B-90C8BBC4281F}"
EndProject
Project("{FAE04EC0-301F-11D3-BF4B-00C04F79EFBC}") = "Lab323", "Lab323\Lab323.csproj", "{2615D5A0-DFBA-4A4E-AD28-4B1D85E7B0E5}"
EndProject
Global
	GlobalSection(SolutionConfigurationPlatforms) = preSolution
		Debug|Any CPU = Debug|Any CPU
		Release|Any CPU = Release|Any CPU
	EndGlobalSection
	GlobalSection(ProjectConfigurationPlatforms) = postSolution
		{D97DCB90-1A1D-45F4-8F53-74385AFF2A1E}.Debug|Any CPU.ActiveCfg = Debug|Any CPU
		{D97DCB90-1A1D-45F4-8F53-74385AFF2A1E}.Debug|Any CPU.Build.0 = Debug|Any CPU
		{D97DCB90-1A1D-45F4-8F53-74385AFF2A1E}.Release|Any CPU.ActiveCfg = Release|Any CPU
		{D97DCB90-1A1D-45F4-8F53-74385AFF2A1E}.Release|Any CPU.Build.0 = Release|Any CPU
		{937E47F7-A7FC-46E1-B46B-90C8BBC4281F}.Debug|Any CPU.ActiveCfg = Debug|Any CPU
		{937E47F7-A7FC-46E1-B46B-90C8BBC4281F}.Debug|Any CPU.Build.0 = Debug|Any CPU
		{937E47F7-A7FC-46E1-B46B-90C8BBC4281F}.Release|Any CPU.ActiveCfg = Release|Any CPU
		{937E47F7-A7FC-46E1-B46B-90C8BBC4281F}.Release|Any CPU.Build.0 = Release|Any CPU
		{2615D5A0-DFBA-4A4E-AD28-4B1D85E7B0E5}.Debug|Any CPU.ActiveCfg = Debug|Any CPU
		{2615D5A0-DFBA-4A4E-AD28-4B1D85E7B0E5}.Debug|Any CPU.Build.0 = Debug|Any CPU
		{2615D5A0-DFBA-4A4E-AD28-4B1D85E7B0E5}.Release|Any CPU.ActiveCfg = Release|Any CPU
		{2615D5A0-DFBA-4A4E-AD28-4B1D85E7B0E5}.Release|Any CPU.Build.0 = Release|Any CPU
	EndGlobalSection
	GlobalSection(SolutionProperties) = preSolution
		HideSolutionNode = FALSE
	EndGlobalSection
	GlobalSection(ExtensibilityGlobals) = postSolution
		SolutionGuid = {4DB46DF6-EB88-4D5B-89EC-32AE514BFB36}
	EndGlobalSection
EndGlobal
